{
  "name": "kvbackup",
  "version": "3.0.3",
  "lockfileVersion": 3,
  "requires": true,
  "packages": {
    "": {
      "name": "kvbackup",
      "version": "3.0.3",
      "license": "Apache-2.0",
      "bin": {
        "kvbackup": "bin/kvbackup.bin.js",
        "kvrestore": "bin/kvrestore.bin.js"
      }
    }
  }
}
